
Microsoft Visual Studio Solution File, Format Version 12.00
# Visual Studio Version 17
VisualStudioVersion = 17.14.36915.13 d17.14
MinimumVisualStudioVersion = 10.0.40219.1
Project("{8BC9CEB8-8B4A-11D0-8D11-00A0C91BC942}") = "Timber", "Timber\Timber.vcxproj", "{9BD86821-D1F1-499B-B3D4-2414F6B07201}"
EndProject
Global
	GlobalSection(SolutionConfigurationPlatforms) = preSolution
		Debug|x64 = Debug|x64
		Debug|x86 = Debug|x86
		Release|x64 = Release|x64
		Release|x86 = Release|x86
	EndGlobalSection
	GlobalSection(ProjectConfigurationPlatforms) = postSolution
		{9BD86821-D1F1-499B-B3D4-2414F6B07201}.Debug|x64.ActiveCfg = Debug|x64
		{9BD86821-D1F1-499B-B3D4-2414F6B07201}.Debug|x64.Build.0 = Debug|x64
		{9BD86821-D1F1-499B-B3D4-2414F6B07201}.Debug|x86.ActiveCfg = Debug|Win32
		{9BD86821-D1F1-499B-B3D4-2414F6B07201}.Debug|x86.Build.0 = Debug|Win32
		{9BD86821-D1F1-499B-B3D4-2414F6B07201}.Release|x64.ActiveCfg = Release|x64
		{9BD86821-D1F1-499B-B3D4-2414F6B07201}.Release|x64.Build.0 = Release|x64
		{9BD86821-D1F1-499B-B3D4-2414F6B07201}.Release|x86.ActiveCfg = Release|Win32
		{9BD86821-D1F1-499B-B3D4-2414F6B07201}.Release|x86.Build.0 = Release|Win32
	EndGlobalSection
	GlobalSection(SolutionProperties) = preSolution
		HideSolutionNode = FALSE
	EndGlobalSection
	GlobalSection(ExtensibilityGlobals) = postSolution
		SolutionGuid = {544264D5-682D-458F-9E72-18C5643E686A}
	EndGlobalSection
EndGlobal
